{
  "name": "slushpool",
  "version": "1.0.0",
  "lockfileVersion": 2,
  "requires": true,
  "packages": {
    "": {
      "version": "1.0.0",
      "license": "ISC",
      "dependencies": {
        "bitbar": "^1.3.1"
      }
    },
    "node_modules/bitbar": {
      "version": "1.3.1",
      "resolved": "https://registry.npmjs.org/bitbar/-/bitbar-1.3.1.tgz",
      "integrity": "sha512-E5Op/qv/WjmFe+xWciGCh30pfZcGjv+WXQdIYaGelF16LG060dTugZawQxcE9WQ3hjjEVxSpCxe7tID5TY3Osg==",
      "engines": {
        "node": ">=8"
      },
      "funding": {
        "url": "https://github.com/sponsors/sindresorhus"
      }
    }
  },
  "dependencies": {
    "bitbar": {
      "version": "1.3.1",
      "resolved": "https://registry.npmjs.org/bitbar/-/bitbar-1.3.1.tgz",
      "integrity": "sha512-E5Op/qv/WjmFe+xWciGCh30pfZcGjv+WXQdIYaGelF16LG060dTugZawQxcE9WQ3hjjEVxSpCxe7tID5TY3Osg=="
    }
  }
}
